
Microsoft Visual Studio Solution File, Format Version 12.00
# Visual Studio Version 18
VisualStudioVersion = 18.5.11723.231
MinimumVisualStudioVersion = 10.0.40219.1
Project("{FAE04EC0-301F-11D3-BF4B-00C04F79EFBC}") = "PanweBoDia.MbtiApi", "PanweBoDia.MbtiApi.csproj", "{1D30A685-4BA0-5826-BCDE-03C5E19EE09F}"
EndProject
Global
	GlobalSection(SolutionConfigurationPlatforms) = preSolution
		Debug|Any CPU = Debug|Any CPU
		Release|Any CPU = Release|Any CPU
	EndGlobalSection
	GlobalSection(ProjectConfigurationPlatforms) = postSolution
		{1D30A685-4BA0-5826-BCDE-03C5E19EE09F}.Debug|Any CPU.ActiveCfg = Debug|Any CPU
		{1D30A685-4BA0-5826-BCDE-03C5E19EE09F}.Debug|Any CPU.Build.0 = Debug|Any CPU
		{1D30A685-4BA0-5826-BCDE-03C5E19EE09F}.Release|Any CPU.ActiveCfg = Release|Any CPU
		{1D30A685-4BA0-5826-BCDE-03C5E19EE09F}.Release|Any CPU.Build.0 = Release|Any CPU
	EndGlobalSection
	GlobalSection(SolutionProperties) = preSolution
		HideSolutionNode = FALSE
	EndGlobalSection
	GlobalSection(ExtensibilityGlobals) = postSolution
		SolutionGuid = {2799F331-B058-4CC6-9782-BDDB3A613E76}
	EndGlobalSection
EndGlobal
